
Microsoft Visual Studio Solution File, Format Version 12.00
# Visual Studio Version 17
VisualStudioVersion = 17.11.35312.102
MinimumVisualStudioVersion = 10.0.40219.1
Project("{FAE04EC0-301F-11D3-BF4B-00C04F79EFBC}") = "Authentication", "Authentication\Authentication.csproj", "{42D3DBF5-C560-4689-A696-D841FF945D8D}"
EndProject
Project("{FAE04EC0-301F-11D3-BF4B-00C04F79EFBC}") = "Patient", "Patient\Patient.csproj", "{9CDFCEDE-773E-4B54-968C-AC0950E311BA}"
EndProject
Project("{FAE04EC0-301F-11D3-BF4B-00C04F79EFBC}") = "Doctor", "Doctor\Doctor.csproj", "{53FDD262-1996-41B0-BCB1-44207135EACB}"
EndProject
Project("{FAE04EC0-301F-11D3-BF4B-00C04F79EFBC}") = "Pharmacy", "Pharmacy\Pharmacy.csproj", "{64210619-900C-45CD-BA7C-0715A6789A96}"
EndProject
Project("{FAE04EC0-301F-11D3-BF4B-00C04F79EFBC}") = "Receptionist", "Receptionist\Receptionist.csproj", "{3DACBD47-C101-43BE-AF4F-D3485BA89412}"
EndProject
Project("{FAE04EC0-301F-11D3-BF4B-00C04F79EFBC}") = "Admin", "Admin\Admin.csproj", "{038B6789-0BD3-4021-BDF6-8886F24D5D41}"
EndProject
Global
	GlobalSection(SolutionConfigurationPlatforms) = preSolution
		Debug|Any CPU = Debug|Any CPU
		Release|Any CPU = Release|Any CPU
	EndGlobalSection
	GlobalSection(ProjectConfigurationPlatforms) = postSolution
		{42D3DBF5-C560-4689-A696-D841FF945D8D}.Debug|Any CPU.ActiveCfg = Debug|Any CPU
		{42D3DBF5-C560-4689-A696-D841FF945D8D}.Debug|Any CPU.Build.0 = Debug|Any CPU
		{42D3DBF5-C560-4689-A696-D841FF945D8D}.Release|Any CPU.ActiveCfg = Release|Any CPU
		{42D3DBF5-C560-4689-A696-D841FF945D8D}.Release|Any CPU.Build.0 = Release|Any CPU
		{9CDFCEDE-773E-4B54-968C-AC0950E311BA}.Debug|Any CPU.ActiveCfg = Debug|Any CPU
		{9CDFCEDE-773E-4B54-968C-AC0950E311BA}.Debug|Any CPU.Build.0 = Debug|Any CPU
		{9CDFCEDE-773E-4B54-968C-AC0950E311BA}.Release|Any CPU.ActiveCfg = Release|Any CPU
		{9CDFCEDE-773E-4B54-968C-AC0950E311BA}.Release|Any CPU.Build.0 = Release|Any CPU
		{53FDD262-1996-41B0-BCB1-44207135EACB}.Debug|Any CPU.ActiveCfg = Debug|Any CPU
		{53FDD262-1996-41B0-BCB1-44207135EACB}.Debug|Any CPU.Build.0 = Debug|Any CPU
		{53FDD262-1996-41B0-BCB1-44207135EACB}.Release|Any CPU.ActiveCfg = Release|Any CPU
		{53FDD262-1996-41B0-BCB1-44207135EACB}.Release|Any CPU.Build.0 = Release|Any CPU
		{64210619-900C-45CD-BA7C-0715A6789A96}.Debug|Any CPU.ActiveCfg = Debug|Any CPU
		{64210619-900C-45CD-BA7C-0715A6789A96}.Debug|Any CPU.Build.0 = Debug|Any CPU
		{64210619-900C-45CD-BA7C-0715A6789A96}.Release|Any CPU.ActiveCfg = Release|Any CPU
		{64210619-900C-45CD-BA7C-0715A6789A96}.Release|Any CPU.Build.0 = Release|Any CPU
		{3DACBD47-C101-43BE-AF4F-D3485BA89412}.Debug|Any CPU.ActiveCfg = Debug|Any CPU
		{3DACBD47-C101-43BE-AF4F-D3485BA89412}.Debug|Any CPU.Build.0 = Debug|Any CPU
		{3DACBD47-C101-43BE-AF4F-D3485BA89412}.Release|Any CPU.ActiveCfg = Release|Any CPU
		{3DACBD47-C101-43BE-AF4F-D3485BA89412}.Release|Any CPU.Build.0 = Release|Any CPU
		{038B6789-0BD3-4021-BDF6-8886F24D5D41}.Debug|Any CPU.ActiveCfg = Debug|Any CPU
		{038B6789-0BD3-4021-BDF6-8886F24D5D41}.Debug|Any CPU.Build.0 = Debug|Any CPU
		{038B6789-0BD3-4021-BDF6-8886F24D5D41}.Release|Any CPU.ActiveCfg = Release|Any CPU
		{038B6789-0BD3-4021-BDF6-8886F24D5D41}.Release|Any CPU.Build.0 = Release|Any CPU
	EndGlobalSection
	GlobalSection(SolutionProperties) = preSolution
		HideSolutionNode = FALSE
	EndGlobalSection
	GlobalSection(ExtensibilityGlobals) = postSolution
		SolutionGuid = {E007B2C7-453B-4598-B736-47B9209F76E4}
	EndGlobalSection
EndGlobal
